
Microsoft Visual Studio Solution File, Format Version 12.00
# Visual Studio 2015
Project("{FAE04EC0-301F-11D3-BF4B-00C04F79EFBC}") = "Harbinger-Devlopment-Studios-2k16.CSharp", "Harbinger-Devlopment-Studios-2k16.CSharp.csproj", "{CEF99A50-E000-495C-9164-797D7459C9FF}"
EndProject
Global
	GlobalSection(SolutionConfigurationPlatforms) = preSolution
		Debug|Any CPU = Debug|Any CPU
		Release|Any CPU = Release|Any CPU
	EndGlobalSection
	GlobalSection(ProjectConfigurationPlatforms) = postSolution
		{CEF99A50-E000-495C-9164-797D7459C9FF}.Debug|Any CPU.ActiveCfg = Debug|Any CPU
		{CEF99A50-E000-495C-9164-797D7459C9FF}.Debug|Any CPU.Build.0 = Debug|Any CPU
		{CEF99A50-E000-495C-9164-797D7459C9FF}.Release|Any CPU.ActiveCfg = Release|Any CPU
		{CEF99A50-E000-495C-9164-797D7459C9FF}.Release|Any CPU.Build.0 = Release|Any CPU
	EndGlobalSection
	GlobalSection(SolutionProperties) = preSolution
		HideSolutionNode = FALSE
	EndGlobalSection
EndGlobal
